
Microsoft Visual Studio Solution File, Format Version 12.00
# Visual Studio 15
VisualStudioVersion = 15.0.28307.902
MinimumVisualStudioVersion = 10.0.40219.1
Project("{FAE04EC0-301F-11D3-BF4B-00C04F79EFBC}") = "Demo_XML", "Demo_XML\Demo_XML.csproj", "{AB82F36C-3211-43BD-BB37-F60F66EF31DD}"
EndProject
Global
	GlobalSection(SolutionConfigurationPlatforms) = preSolution
		Debug|Any CPU = Debug|Any CPU
		Release|Any CPU = Release|Any CPU
	EndGlobalSection
	GlobalSection(ProjectConfigurationPlatforms) = postSolution
		{AB82F36C-3211-43BD-BB37-F60F66EF31DD}.Debug|Any CPU.ActiveCfg = Debug|Any CPU
		{AB82F36C-3211-43BD-BB37-F60F66EF31DD}.Debug|Any CPU.Build.0 = Debug|Any CPU
		{AB82F36C-3211-43BD-BB37-F60F66EF31DD}.Release|Any CPU.ActiveCfg = Release|Any CPU
		{AB82F36C-3211-43BD-BB37-F60F66EF31DD}.Release|Any CPU.Build.0 = Release|Any CPU
	EndGlobalSection
	GlobalSection(SolutionProperties) = preSolution
		HideSolutionNode = FALSE
	EndGlobalSection
	GlobalSection(ExtensibilityGlobals) = postSolution
		SolutionGuid = {DA580B4F-B365-40D1-BD5B-ECEA86368B8E}
	EndGlobalSection
EndGlobal
